// !$*UTF8*$!
{
	archiveVersion = 1;
	classes = {
	};
	objectVersion = 50;
	objects = {

/* Begin PBXBuildFile section */
		A24BD847AE9ED641874EE4B4 /* Pods_Decar.framework in Frameworks */ = {isa = PBXBuildFile; fileRef = C86EBA5AB49CE47CB4B6436A /* Pods_Decar.framework */; };
		F8DF4FFB228B144400D1A05E /* AppDelegate.swift in Sources */ = {isa = PBXBuildFile; fileRef = F8DF4FFA228B144400D1A05E /* AppDelegate.swift */; };
		F8DF4FFD228B144400D1A05E /* LoginViewController.swift in Sources */ = {isa = PBXBuildFile; fileRef = F8DF4FFC228B144400D1A05E /* LoginViewController.swift */; };
		F8DF5000228B144400D1A05E /* Main.storyboard in Resources */ = {isa = PBXBuildFile; fileRef = F8DF4FFE228B144400D1A05E /* Main.storyboard */; };
		F8DF5003228B144400D1A05E /* Decar.xcdatamodeld in Sources */ = {isa = PBXBuildFile; fileRef = F8DF5001228B144400D1A05E /* Decar.xcdatamodeld */; };
		F8DF5005228B144C00D1A05E /* Assets.xcassets in Resources */ = {isa = PBXBuildFile; fileRef = F8DF5004228B144C00D1A05E /* Assets.xcassets */; };
		F8DF5008228B144C00D1A05E /* LaunchScreen.storyboard in Resources */ = {isa = PBXBuildFile; fileRef = F8DF5006228B144C00D1A05E /* LaunchScreen.storyboard */; };
		F8DF5011228B1C3A00D1A05E /* DecarIcon.png in Resources */ = {isa = PBXBuildFile; fileRef = F8DF5010228B1C3A00D1A05E /* DecarIcon.png */; };
		F8ED82FE2290FD7F00F1E281 /* GetCarPhotoViewController.swift in Sources */ = {isa = PBXBuildFile; fileRef = F8ED82FD2290FD7F00F1E281 /* GetCarPhotoViewController.swift */; };
		F8ED8300229116EF00F1E281 /* CarLicenseViewController.swift in Sources */ = {isa = PBXBuildFile; fileRef = F8ED82FF229116EF00F1E281 /* CarLicenseViewController.swift */; };
		F8ED8302229117E900F1E281 /* GetPictureViewController.swift in Sources */ = {isa = PBXBuildFile; fileRef = F8ED8301229117E900F1E281 /* GetPictureViewController.swift */; };
		F8ED830422911FE300F1E281 /* SelectPreferenceClientViewController.swift in Sources */ = {isa = PBXBuildFile; fileRef = F8ED830322911FE300F1E281 /* SelectPreferenceClientViewController.swift */; };
		F8ED83062291201000F1E281 /* ClientCollectionViewCell.swift in Sources */ = {isa = PBXBuildFile; fileRef = F8ED83052291201000F1E281 /* ClientCollectionViewCell.swift */; };
/* End PBXBuildFile section */

/* Begin PBXFileReference section */
		AB63DD8BA1523A41866FDA45 /* Pods-Decar.release.xcconfig */ = {isa = PBXFileReference; includeInIndex = 1; lastKnownFileType = text.xcconfig; name = "Pods-Decar.release.xcconfig"; path = "Target Support Files/Pods-Decar/Pods-Decar.release.xcconfig"; sourceTree = "<group>"; };
		C86EBA5AB49CE47CB4B6436A /* Pods_Decar.framework */ = {isa = PBXFileReference; explicitFileType = wrapper.framework; includeInIndex = 0; path = Pods_Decar.framework; sourceTree = BUILT_PRODUCTS_DIR; };
		D3CC59E97ED38889AD5D58E4 /* Pods-Decar.debug.xcconfig */ = {isa = PBXFileReference; includeInIndex = 1; lastKnownFileType = text.xcconfig; name = "Pods-Decar.debug.xcconfig"; path = "Target Support Files/Pods-Decar/Pods-Decar.debug.xcconfig"; sourceTree = "<group>"; };
		F8DF4FF7228B144400D1A05E /* Decar.app */ = {isa = PBXFileReference; explicitFileType = wrapper.application; includeInIndex = 0; path = Decar.app; sourceTree = BUILT_PRODUCTS_DIR; };
		F8DF4FFA228B144400D1A05E /* AppDelegate.swift */ = {isa = PBXFileReference; lastKnownFileType = sourcecode.swift; path = AppDelegate.swift; sourceTree = "<group>"; };
		F8DF4FFC228B144400D1A05E /* LoginViewController.swift */ = {isa = PBXFileReference; lastKnownFileType = sourcecode.swift; path = LoginViewController.swift; sourceTree = "<group>"; };
		F8DF4FFF228B144400D1A05E /* Base */ = {isa = PBXFileReference; lastKnownFileType = file.storyboard; name = Base; path = Base.lproj/Main.storyboard; sourceTree = "<group>"; };
		F8DF5002228B144400D1A05E /* Decar.xcdatamodel */ = {isa = PBXFileReference; lastKnownFileType = wrapper.xcdatamodel; path = Decar.xcdatamodel; sourceTree = "<group>"; };
		F8DF5004228B144C00D1A05E /* Assets.xcassets */ = {isa = PBXFileReference; lastKnownFileType = folder.assetcatalog; path = Assets.xcassets; sourceTree = "<group>"; };
		F8DF5007228B144C00D1A05E /* Base */ = {isa = PBXFileReference; lastKnownFileType = file.storyboard; name = Base; path = Base.lproj/LaunchScreen.storyboard; sourceTree = "<group>"; };
		F8DF5009228B144C00D1A05E /* Info.plist */ = {isa = PBXFileReference; lastKnownFileType = text.plist.xml; path = Info.plist; sourceTree = "<group>"; };
		F8DF5010228B1C3A00D1A05E /* DecarIcon.png */ = {isa = PBXFileReference; lastKnownFileType = image.png; path = DecarIcon.png; sourceTree = "<group>"; };
		F8ED82FD2290FD7F00F1E281 /* GetCarPhotoViewController.swift */ = {isa = PBXFileReference; lastKnownFileType = sourcecode.swift; path = GetCarPhotoViewController.swift; sourceTree = "<group>"; };
		F8ED82FF229116EF00F1E281 /* CarLicenseViewController.swift */ = {isa = PBXFileReference; lastKnownFileType = sourcecode.swift; path = CarLicenseViewController.swift; sourceTree = "<group>"; };
		F8ED8301229117E900F1E281 /* GetPictureViewController.swift */ = {isa = PBXFileReference; lastKnownFileType = sourcecode.swift; path = GetPictureViewController.swift; sourceTree = "<group>"; };
		F8ED830322911FE300F1E281 /* SelectPreferenceClientViewController.swift */ = {isa = PBXFileReference; lastKnownFileType = sourcecode.swift; path = SelectPreferenceClientViewController.swift; sourceTree = "<group>"; };
		F8ED83052291201000F1E281 /* ClientCollectionViewCell.swift */ = {isa = PBXFileReference; lastKnownFileType = sourcecode.swift; path = ClientCollectionViewCell.swift; sourceTree = "<group>"; };
/* End PBXFileReference section */

/* Begin PBXFrameworksBuildPhase section */
		F8DF4FF4228B144400D1A05E /* Frameworks */ = {
			isa = PBXFrameworksBuildPhase;
			buildActionMask = 2147483647;
			files = (
				A24BD847AE9ED641874EE4B4 /* Pods_Decar.framework in Frameworks */,
			);
			runOnlyForDeploymentPostprocessing = 0;
		};
/* End PBXFrameworksBuildPhase section */

/* Begin PBXGroup section */
		2BFFAA9CA87A09B8EF271C42 /* Pods */ = {
			isa = PBXGroup;
			children = (
				D3CC59E97ED38889AD5D58E4 /* Pods-Decar.debug.xcconfig */,
				AB63DD8BA1523A41866FDA45 /* Pods-Decar.release.xcconfig */,
			);
			path = Pods;
			sourceTree = "<group>";
		};
		76F9DF2BC9470F6E1B81D2D2 /* Frameworks */ = {
			isa = PBXGroup;
			children = (
				C86EBA5AB49CE47CB4B6436A /* Pods_Decar.framework */,
			);
			name = Frameworks;
			sourceTree = "<group>";
		};
		F8DF4FEE228B144300D1A05E = {
			isa = PBXGroup;
			children = (
				F8DF4FF9228B144400D1A05E /* Decar */,
				F8DF4FF8228B144400D1A05E /* Products */,
				2BFFAA9CA87A09B8EF271C42 /* Pods */,
				76F9DF2BC9470F6E1B81D2D2 /* Frameworks */,
			);
			sourceTree = "<group>";
		};
		F8DF4FF8228B144400D1A05E /* Products */ = {
			isa = PBXGroup;
			children = (
				F8DF4FF7228B144400D1A05E /* Decar.app */,
			);
			name = Products;
			sourceTree = "<group>";
		};
		F8DF4FF9228B144400D1A05E /* Decar */ = {
			isa = PBXGroup;
			children = (
				F8DF500F228B1BAA00D1A05E /* Resources */,
				F8DF4FFA228B144400D1A05E /* AppDelegate.swift */,
				F8DF4FFC228B144400D1A05E /* LoginViewController.swift */,
				F8DF4FFE228B144400D1A05E /* Main.storyboard */,
				F8DF5004228B144C00D1A05E /* Assets.xcassets */,
				F8DF5006228B144C00D1A05E /* LaunchScreen.storyboard */,
				F8DF5009228B144C00D1A05E /* Info.plist */,
				F8DF5001228B144400D1A05E /* Decar.xcdatamodeld */,
				F8ED82FD2290FD7F00F1E281 /* GetCarPhotoViewController.swift */,
				F8ED82FF229116EF00F1E281 /* CarLicenseViewController.swift */,
				F8ED8301229117E900F1E281 /* GetPictureViewController.swift */,
				F8ED830322911FE300F1E281 /* SelectPreferenceClientViewController.swift */,
				F8ED83052291201000F1E281 /* ClientCollectionViewCell.swift */,
			);
			path = Decar;
			sourceTree = "<group>";
		};
		F8DF500F228B1BAA00D1A05E /* Resources */ = {
			isa = PBXGroup;
			children = (
				F8DF5010228B1C3A00D1A05E /* DecarIcon.png */,
			);
			path = Resources;
			sourceTree = "<group>";
		};
/* End PBXGroup section */

/* Begin PBXNativeTarget section */
		F8DF4FF6228B144400D1A05E /* Decar */ = {
			isa = PBXNativeTarget;
			buildConfigurationList = F8DF500C228B144C00D1A05E /* Build configuration list for PBXNativeTarget "Decar" */;
			buildPhases = (
				3F0D421EDC7B99FC1A7D2FC8 /* [CP] Check Pods Manifest.lock */,
				F8DF4FF3228B144400D1A05E /* Sources */,
				F8DF4FF4228B144400D1A05E /* Frameworks */,
				F8DF4FF5228B144400D1A05E /* Resources */,
				64CA5DDFC7FD65DEE2A65305 /* [CP] Embed Pods Frameworks */,
			);
			buildRules = (
			);
			dependencies = (
			);
			name = Decar;
			productName = Decar;
			productReference = F8DF4FF7228B144400D1A05E /* Decar.app */;
			productType = "com.apple.product-type.application";
		};
/* End PBXNativeTarget section */

/* Begin PBXProject section */
		F8DF4FEF228B144300D1A05E /* Project object */ = {
			isa = PBXProject;
			attributes = {
				LastSwiftUpdateCheck = 1010;
				LastUpgradeCheck = 1010;
				ORGANIZATIONNAME = "Tzu-Yen Huang";
				TargetAttributes = {
					F8DF4FF6228B144400D1A05E = {
						CreatedOnToolsVersion = 10.1;
					};
				};
			};
			buildConfigurationList = F8DF4FF2228B144300D1A05E /* Build configuration list for PBXProject "Decar" */;
			compatibilityVersion = "Xcode 9.3";
			developmentRegion = en;
			hasScannedForEncodings = 0;
			knownRegions = (
				en,
				Base,
			);
			mainGroup = F8DF4FEE228B144300D1A05E;
			productRefGroup = F8DF4FF8228B144400D1A05E /* Products */;
			projectDirPath = "";
			projectRoot = "";
			targets = (
				F8DF4FF6228B144400D1A05E /* Decar */,
			);
		};
/* End PBXProject section */

/* Begin PBXResourcesBuildPhase section */
		F8DF4FF5228B144400D1A05E /* Resources */ = {
			isa = PBXResourcesBuildPhase;
			buildActionMask = 2147483647;
			files = (
				F8DF5011228B1C3A00D1A05E /* DecarIcon.png in Resources */,
				F8DF5008228B144C00D1A05E /* LaunchScreen.storyboard in Resources */,
				F8DF5005228B144C00D1A05E /* Assets.xcassets in Resources */,
				F8DF5000228B144400D1A05E /* Main.storyboard in Resources */,
			);
			runOnlyForDeploymentPostprocessing = 0;
		};
/* End PBXResourcesBuildPhase section */

/* Begin PBXShellScriptBuildPhase section */
		3F0D421EDC7B99FC1A7D2FC8 /* [CP] Check Pods Manifest.lock */ = {
			isa = PBXShellScriptBuildPhase;
			buildActionMask = 2147483647;
			files = (
			);
			inputFileListPaths = (
			);
			inputPaths = (
				"${PODS_PODFILE_DIR_PATH}/Podfile.lock",
				"${PODS_ROOT}/Manifest.lock",
			);
			name = "[CP] Check Pods Manifest.lock";
			outputFileListPaths = (
			);
			outputPaths = (
				"$(DERIVED_FILE_DIR)/Pods-Decar-checkManifestLockResult.txt",
			);
			runOnlyForDeploymentPostprocessing = 0;
			shellPath = /bin/sh;
			shellScript = "diff \"${PODS_PODFILE_DIR_PATH}/Podfile.lock\" \"${PODS_ROOT}/Manifest.lock\" > /dev/null\nif [ $? != 0 ] ; then\n    # print error to STDERR\n    echo \"error: The sandbox is not in sync with the Podfile.lock. Run 'pod install' or update your CocoaPods installation.\" >&2\n    exit 1\nfi\n# This output is used by Xcode 'outputs' to avoid re-running this script phase.\necho \"SUCCESS\" > \"${SCRIPT_OUTPUT_FILE_0}\"\n";
			showEnvVarsInLog = 0;
		};
		64CA5DDFC7FD65DEE2A65305 /* [CP] Embed Pods Frameworks */ = {
			isa = PBXShellScriptBuildPhase;
			buildActionMask = 2147483647;
			files = (
			);
			inputFileListPaths = (
			);
			inputPaths = (
				"${PODS_ROOT}/Target Support Files/Pods-Decar/Pods-Decar-frameworks.sh",
				"${BUILT_PRODUCTS_DIR}/Bolts/Bolts.framework",
				"${BUILT_PRODUCTS_DIR}/FBSDKCoreKit/FBSDKCoreKit.framework",
				"${BUILT_PRODUCTS_DIR}/FBSDKLoginKit/FBSDKLoginKit.framework",
			);
			name = "[CP] Embed Pods Frameworks";
			outputFileListPaths = (
			);
			outputPaths = (
				"${TARGET_BUILD_DIR}/${FRAMEWORKS_FOLDER_PATH}/Bolts.framework",
				"${TARGET_BUILD_DIR}/${FRAMEWORKS_FOLDER_PATH}/FBSDKCoreKit.framework",
				"${TARGET_BUILD_DIR}/${FRAMEWORKS_FOLDER_PATH}/FBSDKLoginKit.framework",
			);
			runOnlyForDeploymentPostprocessing = 0;
			shellPath = /bin/sh;
			shellScript = "\"${PODS_ROOT}/Target Support Files/Pods-Decar/Pods-Decar-frameworks.sh\"\n";
			showEnvVarsInLog = 0;
		};
/* End PBXShellScriptBuildPhase section */

/* Begin PBXSourcesBuildPhase section */
		F8DF4FF3228B144400D1A05E /* Sources */ = {
			isa = PBXSourcesBuildPhase;
			buildActionMask = 2147483647;
			files = (
				F8DF5003228B144400D1A05E /* Decar.xcdatamodeld in Sources */,
				F8ED82FE2290FD7F00F1E281 /* GetCarPhotoViewController.swift in Sources */,
				F8ED8302229117E900F1E281 /* GetPictureViewController.swift in Sources */,
				F8ED8300229116EF00F1E281 /* CarLicenseViewController.swift in Sources */,
				F8ED830422911FE300F1E281 /* SelectPreferenceClientViewController.swift in Sources */,
				F8DF4FFD228B144400D1A05E /* LoginViewController.swift in Sources */,
				F8DF4FFB228B144400D1A05E /* AppDelegate.swift in Sources */,
				F8ED83062291201000F1E281 /* ClientCollectionViewCell.swift in Sources */,
			);
			runOnlyForDeploymentPostprocessing = 0;
		};
/* End PBXSourcesBuildPhase section */

/* Begin PBXVariantGroup section */
		F8DF4FFE228B144400D1A05E /* Main.storyboard */ = {
			isa = PBXVariantGroup;
			children = (
				F8DF4FFF228B144400D1A05E /* Base */,
			);
			name = Main.storyboard;
			sourceTree = "<group>";
		};
		F8DF5006228B144C00D1A05E /* LaunchScreen.storyboard */ = {
			isa = PBXVariantGroup;
			children = (
				F8DF5007228B144C00D1A05E /* Base */,
			);
			name = LaunchScreen.storyboard;
			sourceTree = "<group>";
		};
/* End PBXVariantGroup section */

/* Begin XCBuildConfiguration section */
		F8DF500A228B144C00D1A05E /* Debug */ = {
			isa = XCBuildConfiguration;
			buildSettings = {
				ALWAYS_SEARCH_USER_PATHS = NO;
				CLANG_ANALYZER_NONNULL = YES;
				CLANG_ANALYZER_NUMBER_OBJECT_CONVERSION = YES_AGGRESSIVE;
				CLANG_CXX_LANGUAGE_STANDARD = "gnu++14";
				CLANG_CXX_LIBRARY = "libc++";
				CLANG_ENABLE_MODULES = YES;
				CLANG_ENABLE_OBJC_ARC = YES;
				CLANG_ENABLE_OBJC_WEAK = YES;
				CLANG_WARN_BLOCK_CAPTURE_AUTORELEASING = YES;
				CLANG_WARN_BOOL_CONVERSION = YES;
				CLANG_WARN_COMMA = YES;
				CLANG_WARN_CONSTANT_CONVERSION = YES;
				CLANG_WARN_DEPRECATED_OBJC_IMPLEMENTATIONS = YES;
				CLANG_WARN_DIRECT_OBJC_ISA_USAGE = YES_ERROR;
				CLANG_WARN_DOCUMENTATION_COMMENTS = YES;
				CLANG_WARN_EMPTY_BODY = YES;
				CLANG_WARN_ENUM_CONVERSION = YES;
				CLANG_WARN_INFINITE_RECURSION = YES;
				CLANG_WARN_INT_CONVERSION = YES;
				CLANG_WARN_NON_LITERAL_NULL_CONVERSION = YES;
				CLANG_WARN_OBJC_IMPLICIT_RETAIN_SELF = YES;
				CLANG_WARN_OBJC_LITERAL_CONVERSION = YES;
				CLANG_WARN_OBJC_ROOT_CLASS = YES_ERROR;
				CLANG_WARN_RANGE_LOOP_ANALYSIS = YES;
				CLANG_WARN_STRICT_PROTOTYPES = YES;
				CLANG_WARN_SUSPICIOUS_MOVE = YES;
				CLANG_WARN_UNGUARDED_AVAILABILITY = YES_AGGRESSIVE;
				CLANG_WARN_UNREACHABLE_CODE = YES;
				CLANG_WARN__DUPLICATE_METHOD_MATCH = YES;
				CODE_SIGN_IDENTITY = "iPhone Developer";
				COPY_PHASE_STRIP = NO;
				DEBUG_INFORMATION_FORMAT = dwarf;
				ENABLE_STRICT_OBJC_MSGSEND = YES;
				ENABLE_TESTABILITY = YES;
				GCC_C_LANGUAGE_STANDARD = gnu11;
				GCC_DYNAMIC_NO_PIC = NO;
				GCC_NO_COMMON_BLOCKS = YES;
				GCC_OPTIMIZATION_LEVEL = 0;
				GCC_PREPROCESSOR_DEFINITIONS = (
					"DEBUG=1",
					"$(inherited)",
				);
				GCC_WARN_64_TO_32_BIT_CONVERSION = YES;
				GCC_WARN_ABOUT_RETURN_TYPE = YES_ERROR;
				GCC_WARN_UNDECLARED_SELECTOR = YES;
				GCC_WARN_UNINITIALIZED_AUTOS = YES_AGGRESSIVE;
				GCC_WARN_UNUSED_FUNCTION = YES;
				GCC_WARN_UNUSED_VARIABLE = YES;
				IPHONEOS_DEPLOYMENT_TARGET = 12.1;
				MTL_ENABLE_DEBUG_INFO = INCLUDE_SOURCE;
				MTL_FAST_MATH = YES;
				ONLY_ACTIVE_ARCH = YES;
				SDKROOT = iphoneos;
				SWIFT_ACTIVE_COMPILATION_CONDITIONS = DEBUG;
				SWIFT_OPTIMIZATION_LEVEL = "-Onone";
			};
			name = Debug;
		};
		F8DF500B228B144C00D1A05E /* Release */ = {
			isa = XCBuildConfiguration;
			buildSettings = {
				ALWAYS_SEARCH_USER_PATHS = NO;
				CLANG_ANALYZER_NONNULL = YES;
				CLANG_ANALYZER_NUMBER_OBJECT_CONVERSION = YES_AGGRESSIVE;
				CLANG_CXX_LANGUAGE_STANDARD = "gnu++14";
				CLANG_CXX_LIBRARY = "libc++";
				CLANG_ENABLE_MODULES = YES;
				CLANG_ENABLE_OBJC_ARC = YES;
				CLANG_ENABLE_OBJC_WEAK = YES;
				CLANG_WARN_BLOCK_CAPTURE_AUTORELEASING = YES;
				CLANG_WARN_BOOL_CONVERSION = YES;
				CLANG_WARN_COMMA = YES;
				CLANG_WARN_CONSTANT_CONVERSION = YES;
				CLANG_WARN_DEPRECATED_OBJC_IMPLEMENTATIONS = YES;
				CLANG_WARN_DIRECT_OBJC_ISA_USAGE = YES_ERROR;
				CLANG_WARN_DOCUMENTATION_COMMENTS = YES;
				CLANG_WARN_EMPTY_BODY = YES;
				CLANG_WARN_ENUM_CONVERSION = YES;
				CLANG_WARN_INFINITE_RECURSION = YES;
				CLANG_WARN_INT_CONVERSION = YES;
				CLANG_WARN_NON_LITERAL_NULL_CONVERSION = YES;
				CLANG_WARN_OBJC_IMPLICIT_RETAIN_SELF = YES;
				CLANG_WARN_OBJC_LITERAL_CONVERSION = YES;
				CLANG_WARN_OBJC_ROOT_CLASS = YES_ERROR;
				CLANG_WARN_RANGE_LOOP_ANALYSIS = YES;
				CLANG_WARN_STRICT_PROTOTYPES = YES;
				CLANG_WARN_SUSPICIOUS_MOVE = YES;
				CLANG_WARN_UNGUARDED_AVAILABILITY = YES_AGGRESSIVE;
				CLANG_WARN_UNREACHABLE_CODE = YES;
				CLANG_WARN__DUPLICATE_METHOD_MATCH = YES;
				CODE_SIGN_IDENTITY = "iPhone Developer";
				COPY_PHASE_STRIP = NO;
				DEBUG_INFORMATION_FORMAT = "dwarf-with-dsym";
				ENABLE_NS_ASSERTIONS = NO;
				ENABLE_STRICT_OBJC_MSGSEND = YES;
				GCC_C_LANGUAGE_STANDARD = gnu11;
				GCC_NO_COMMON_BLOCKS = YES;
				GCC_WARN_64_TO_32_BIT_CONVERSION = YES;
				GCC_WARN_ABOUT_RETURN_TYPE = YES_ERROR;
				GCC_WARN_UNDECLARED_SELECTOR = YES;
				GCC_WARN_UNINITIALIZED_AUTOS = YES_AGGRESSIVE;
				GCC_WARN_UNUSED_FUNCTION = YES;
				GCC_WARN_UNUSED_VARIABLE = YES;
				IPHONEOS_DEPLOYMENT_TARGET = 12.1;
				MTL_ENABLE_DEBUG_INFO = NO;
				MTL_FAST_MATH = YES;
				SDKROOT = iphoneos;
				SWIFT_COMPILATION_MODE = wholemodule;
				SWIFT_OPTIMIZATION_LEVEL = "-O";
				VALIDATE_PRODUCT = YES;
			};
			name = Release;
		};
		F8DF500D228B144C00D1A05E /* Debug */ = {
			isa = XCBuildConfiguration;
			baseConfigurationReference = D3CC59E97ED38889AD5D58E4 /* Pods-Decar.debug.xcconfig */;
			buildSettings = {
				ASSETCATALOG_COMPILER_APPICON_NAME = AppIcon;
				CODE_SIGN_STYLE = Automatic;
				DEVELOPMENT_TEAM = 8U77R87HPA;
				INFOPLIST_FILE = Decar/Info.plist;
				LD_RUNPATH_SEARCH_PATHS = (
					"$(inherited)",
					"@executable_path/Frameworks",
				);
				PRODUCT_BUNDLE_IDENTIFIER = com.TzuYenHuang.Decar;
				PRODUCT_NAME = "$(TARGET_NAME)";
				SWIFT_VERSION = 4.2;
				TARGETED_DEVICE_FAMILY = "1,2";
			};
			name = Debug;
		};
		F8DF500E228B144C00D1A05E /* Release */ = {
			isa = XCBuildConfiguration;
			baseConfigurationReference = AB63DD8BA1523A41866FDA45 /* Pods-Decar.release.xcconfig */;
			buildSettings = {
				ASSETCATALOG_COMPILER_APPICON_NAME = AppIcon;
				CODE_SIGN_STYLE = Automatic;
				DEVELOPMENT_TEAM = 8U77R87HPA;
				INFOPLIST_FILE = Decar/Info.plist;
				LD_RUNPATH_SEARCH_PATHS = (
					"$(inherited)",
					"@executable_path/Frameworks",
				);
				PRODUCT_BUNDLE_IDENTIFIER = com.TzuYenHuang.Decar;
				PRODUCT_NAME = "$(TARGET_NAME)";
				SWIFT_VERSION = 4.2;
				TARGETED_DEVICE_FAMILY = "1,2";
			};
			name = Release;
		};
/* End XCBuildConfiguration section */

/* Begin XCConfigurationList section */
		F8DF4FF2228B144300D1A05E /* Build configuration list for PBXProject "Decar" */ = {
			isa = XCConfigurationList;
			buildConfigurations = (
				F8DF500A228B144C00D1A05E /* Debug */,
				F8DF500B228B144C00D1A05E /* Release */,
			);
			defaultConfigurationIsVisible = 0;
			defaultConfigurationName = Release;
		};
		F8DF500C228B144C00D1A05E /* Build configuration list for PBXNativeTarget "Decar" */ = {
			isa = XCConfigurationList;
			buildConfigurations = (
				F8DF500D228B144C00D1A05E /* Debug */,
				F8DF500E228B144C00D1A05E /* Release */,
			);
			defaultConfigurationIsVisible = 0;
			defaultConfigurationName = Release;
		};
/* End XCConfigurationList section */

/* Begin XCVersionGroup section */
		F8DF5001228B144400D1A05E /* Decar.xcdatamodeld */ = {
			isa = XCVersionGroup;
			children = (
				F8DF5002228B144400D1A05E /* Decar.xcdatamodel */,
			);
			currentVersion = F8DF5002228B144400D1A05E /* Decar.xcdatamodel */;
			path = Decar.xcdatamodeld;
			sourceTree = "<group>";
			versionGroupType = wrapper.xcdatamodel;
		};
/* End XCVersionGroup section */
	};
	rootObject = F8DF4FEF228B144300D1A05E /* Project object */;
}
